// !$*UTF8*$!
{
	archiveVersion = 1;
	classes = {
	};
	objectVersion = 50;
	objects = {

/* Begin PBXBuildFile section */
		571772E7A55797185F2E161E /* Pods_ChartDemo.framework in Frameworks */ = {isa = PBXBuildFile; fileRef = E733BB9629AF3A1C34530524 /* Pods_ChartDemo.framework */; };
		6F39ED9D21E3B0E0005C6576 /* YHLineChartRenderer.swift in Sources */ = {isa = PBXBuildFile; fileRef = 6F39ED9C21E3B0E0005C6576 /* YHLineChartRenderer.swift */; };
		6F6FADA221C4F2C200E82E7C /* BalloonMarker.swift in Sources */ = {isa = PBXBuildFile; fileRef = 6F6FAD9C21C4F2C200E82E7C /* BalloonMarker.swift */; };
		6F6FADA321C4F2C200E82E7C /* IAxisAttributeValueFormatter.swift in Sources */ = {isa = PBXBuildFile; fileRef = 6F6FAD9D21C4F2C200E82E7C /* IAxisAttributeValueFormatter.swift */; };
		6F6FADA421C4F2C200E82E7C /* XYMarkerView.swift in Sources */ = {isa = PBXBuildFile; fileRef = 6F6FAD9E21C4F2C200E82E7C /* XYMarkerView.swift */; };
		6F6FADA521C4F2C200E82E7C /* YHXAxisRenderer.swift in Sources */ = {isa = PBXBuildFile; fileRef = 6F6FAD9F21C4F2C200E82E7C /* YHXAxisRenderer.swift */; };
		6F6FADA621C4F2C200E82E7C /* CustomCircleShapeRenderer.swift in Sources */ = {isa = PBXBuildFile; fileRef = 6F6FADA021C4F2C200E82E7C /* CustomCircleShapeRenderer.swift */; };
		6F6FADA721C4F2C200E82E7C /* YHBarChartRenderer.swift in Sources */ = {isa = PBXBuildFile; fileRef = 6F6FADA121C4F2C200E82E7C /* YHBarChartRenderer.swift */; };
		6F6FADB621C4FAE400E82E7C /* TodayStepMarkerValueFormatter.m in Sources */ = {isa = PBXBuildFile; fileRef = 6F6FADAE21C4FAE400E82E7C /* TodayStepMarkerValueFormatter.m */; };
		6F6FADB721C4FAE400E82E7C /* ShortDateValueFormatter.m in Sources */ = {isa = PBXBuildFile; fileRef = 6F6FADB021C4FAE400E82E7C /* ShortDateValueFormatter.m */; };
		6F6FADB821C4FAE400E82E7C /* TodayHeartRateMarkerValueFormatter.m in Sources */ = {isa = PBXBuildFile; fileRef = 6F6FADB121C4FAE400E82E7C /* TodayHeartRateMarkerValueFormatter.m */; };
		6F6FADB921C4FAE400E82E7C /* TodayStepValueFormatter.m in Sources */ = {isa = PBXBuildFile; fileRef = 6F6FADB221C4FAE400E82E7C /* TodayStepValueFormatter.m */; };
		6F6FADBA21C4FAE400E82E7C /* TodayRestHRValueFormatter.m in Sources */ = {isa = PBXBuildFile; fileRef = 6F6FADB421C4FAE400E82E7C /* TodayRestHRValueFormatter.m */; };
		6F6FADBC21C4FD0100E82E7C /* FloatingPoint+Radians.swift in Sources */ = {isa = PBXBuildFile; fileRef = 6F6FADBB21C4FD0000E82E7C /* FloatingPoint+Radians.swift */; };
		6FE65B8821C4CF6300B83BA5 /* AppDelegate.m in Sources */ = {isa = PBXBuildFile; fileRef = 6FE65B8721C4CF6300B83BA5 /* AppDelegate.m */; };
		6FE65B8B21C4CF6300B83BA5 /* ViewController.m in Sources */ = {isa = PBXBuildFile; fileRef = 6FE65B8A21C4CF6300B83BA5 /* ViewController.m */; };
		6FE65B8E21C4CF6300B83BA5 /* Main.storyboard in Resources */ = {isa = PBXBuildFile; fileRef = 6FE65B8C21C4CF6300B83BA5 /* Main.storyboard */; };
		6FE65B9021C4CF6E00B83BA5 /* Assets.xcassets in Resources */ = {isa = PBXBuildFile; fileRef = 6FE65B8F21C4CF6E00B83BA5 /* Assets.xcassets */; };
		6FE65B9321C4CF6E00B83BA5 /* LaunchScreen.storyboard in Resources */ = {isa = PBXBuildFile; fileRef = 6FE65B9121C4CF6E00B83BA5 /* LaunchScreen.storyboard */; };
		6FE65B9621C4CF6E00B83BA5 /* main.m in Sources */ = {isa = PBXBuildFile; fileRef = 6FE65B9521C4CF6E00B83BA5 /* main.m */; };
		77842E0121D4FC23002BB5A5 /* 24小时步数视图.png in Resources */ = {isa = PBXBuildFile; fileRef = 77842E0021D4FC23002BB5A5 /* 24小时步数视图.png */; };
/* End PBXBuildFile section */

/* Begin PBXFileReference section */
		491758ECA01F4E62880E19FF /* Pods-ChartDemo.debug.xcconfig */ = {isa = PBXFileReference; includeInIndex = 1; lastKnownFileType = text.xcconfig; name = "Pods-ChartDemo.debug.xcconfig"; path = "Pods/Target Support Files/Pods-ChartDemo/Pods-ChartDemo.debug.xcconfig"; sourceTree = "<group>"; };
		6F39ED9C21E3B0E0005C6576 /* YHLineChartRenderer.swift */ = {isa = PBXFileReference; lastKnownFileType = sourcecode.swift; path = YHLineChartRenderer.swift; sourceTree = "<group>"; };
		6F6FAD9C21C4F2C200E82E7C /* BalloonMarker.swift */ = {isa = PBXFileReference; fileEncoding = 4; lastKnownFileType = sourcecode.swift; path = BalloonMarker.swift; sourceTree = "<group>"; };
		6F6FAD9D21C4F2C200E82E7C /* IAxisAttributeValueFormatter.swift */ = {isa = PBXFileReference; fileEncoding = 4; lastKnownFileType = sourcecode.swift; path = IAxisAttributeValueFormatter.swift; sourceTree = "<group>"; };
		6F6FAD9E21C4F2C200E82E7C /* XYMarkerView.swift */ = {isa = PBXFileReference; fileEncoding = 4; lastKnownFileType = sourcecode.swift; path = XYMarkerView.swift; sourceTree = "<group>"; };
		6F6FAD9F21C4F2C200E82E7C /* YHXAxisRenderer.swift */ = {isa = PBXFileReference; fileEncoding = 4; lastKnownFileType = sourcecode.swift; path = YHXAxisRenderer.swift; sourceTree = "<group>"; };
		6F6FADA021C4F2C200E82E7C /* CustomCircleShapeRenderer.swift */ = {isa = PBXFileReference; fileEncoding = 4; lastKnownFileType = sourcecode.swift; path = CustomCircleShapeRenderer.swift; sourceTree = "<group>"; };
		6F6FADA121C4F2C200E82E7C /* YHBarChartRenderer.swift */ = {isa = PBXFileReference; fileEncoding = 4; lastKnownFileType = sourcecode.swift; path = YHBarChartRenderer.swift; sourceTree = "<group>"; };
		6F6FADAA21C4F53B00E82E7C /* ChartDemo-Bridging-Header.h */ = {isa = PBXFileReference; lastKnownFileType = sourcecode.c.h; path = "ChartDemo-Bridging-Header.h"; sourceTree = "<group>"; };
		6F6FADAC21C4FAE400E82E7C /* TodayHeartRateMarkerValueFormatter.h */ = {isa = PBXFileReference; fileEncoding = 4; lastKnownFileType = sourcecode.c.h; path = TodayHeartRateMarkerValueFormatter.h; sourceTree = "<group>"; };
		6F6FADAD21C4FAE400E82E7C /* TodayStepValueFormatter.h */ = {isa = PBXFileReference; fileEncoding = 4; lastKnownFileType = sourcecode.c.h; path = TodayStepValueFormatter.h; sourceTree = "<group>"; };
		6F6FADAE21C4FAE400E82E7C /* TodayStepMarkerValueFormatter.m */ = {isa = PBXFileReference; fileEncoding = 4; lastKnownFileType = sourcecode.c.objc; path = TodayStepMarkerValueFormatter.m; sourceTree = "<group>"; };
		6F6FADAF21C4FAE400E82E7C /* TodayRestHRValueFormatter.h */ = {isa = PBXFileReference; fileEncoding = 4; lastKnownFileType = sourcecode.c.h; path = TodayRestHRValueFormatter.h; sourceTree = "<group>"; };
		6F6FADB021C4FAE400E82E7C /* ShortDateValueFormatter.m */ = {isa = PBXFileReference; fileEncoding = 4; lastKnownFileType = sourcecode.c.objc; path = ShortDateValueFormatter.m; sourceTree = "<group>"; };
		6F6FADB121C4FAE400E82E7C /* TodayHeartRateMarkerValueFormatter.m */ = {isa = PBXFileReference; fileEncoding = 4; lastKnownFileType = sourcecode.c.objc; path = TodayHeartRateMarkerValueFormatter.m; sourceTree = "<group>"; };
		6F6FADB221C4FAE400E82E7C /* TodayStepValueFormatter.m */ = {isa = PBXFileReference; fileEncoding = 4; lastKnownFileType = sourcecode.c.objc; path = TodayStepValueFormatter.m; sourceTree = "<group>"; };
		6F6FADB321C4FAE400E82E7C /* TodayStepMarkerValueFormatter.h */ = {isa = PBXFileReference; fileEncoding = 4; lastKnownFileType = sourcecode.c.h; path = TodayStepMarkerValueFormatter.h; sourceTree = "<group>"; };
		6F6FADB421C4FAE400E82E7C /* TodayRestHRValueFormatter.m */ = {isa = PBXFileReference; fileEncoding = 4; lastKnownFileType = sourcecode.c.objc; path = TodayRestHRValueFormatter.m; sourceTree = "<group>"; };
		6F6FADB521C4FAE400E82E7C /* ShortDateValueFormatter.h */ = {isa = PBXFileReference; fileEncoding = 4; lastKnownFileType = sourcecode.c.h; path = ShortDateValueFormatter.h; sourceTree = "<group>"; };
		6F6FADBB21C4FD0000E82E7C /* FloatingPoint+Radians.swift */ = {isa = PBXFileReference; fileEncoding = 4; lastKnownFileType = sourcecode.swift; path = "FloatingPoint+Radians.swift"; sourceTree = "<group>"; };
		6FE65B8321C4CF6300B83BA5 /* ChartDemo.app */ = {isa = PBXFileReference; explicitFileType = wrapper.application; includeInIndex = 0; path = ChartDemo.app; sourceTree = BUILT_PRODUCTS_DIR; };
		6FE65B8621C4CF6300B83BA5 /* AppDelegate.h */ = {isa = PBXFileReference; lastKnownFileType = sourcecode.c.h; path = AppDelegate.h; sourceTree = "<group>"; };
		6FE65B8721C4CF6300B83BA5 /* AppDelegate.m */ = {isa = PBXFileReference; lastKnownFileType = sourcecode.c.objc; path = AppDelegate.m; sourceTree = "<group>"; };
		6FE65B8921C4CF6300B83BA5 /* ViewController.h */ = {isa = PBXFileReference; lastKnownFileType = sourcecode.c.h; path = ViewController.h; sourceTree = "<group>"; };
		6FE65B8A21C4CF6300B83BA5 /* ViewController.m */ = {isa = PBXFileReference; lastKnownFileType = sourcecode.c.objc; path = ViewController.m; sourceTree = "<group>"; };
		6FE65B8D21C4CF6300B83BA5 /* Base */ = {isa = PBXFileReference; lastKnownFileType = file.storyboard; name = Base; path = Base.lproj/Main.storyboard; sourceTree = "<group>"; };
		6FE65B8F21C4CF6E00B83BA5 /* Assets.xcassets */ = {isa = PBXFileReference; lastKnownFileType = folder.assetcatalog; path = Assets.xcassets; sourceTree = "<group>"; };
		6FE65B9221C4CF6E00B83BA5 /* Base */ = {isa = PBXFileReference; lastKnownFileType = file.storyboard; name = Base; path = Base.lproj/LaunchScreen.storyboard; sourceTree = "<group>"; };
		6FE65B9421C4CF6E00B83BA5 /* Info.plist */ = {isa = PBXFileReference; lastKnownFileType = text.plist.xml; path = Info.plist; sourceTree = "<group>"; };
		6FE65B9521C4CF6E00B83BA5 /* main.m */ = {isa = PBXFileReference; lastKnownFileType = sourcecode.c.objc; path = main.m; sourceTree = "<group>"; };
		77842E0021D4FC23002BB5A5 /* 24小时步数视图.png */ = {isa = PBXFileReference; lastKnownFileType = image.png; path = "24小时步数视图.png"; sourceTree = "<group>"; };
		E733BB9629AF3A1C34530524 /* Pods_ChartDemo.framework */ = {isa = PBXFileReference; explicitFileType = wrapper.framework; includeInIndex = 0; path = Pods_ChartDemo.framework; sourceTree = BUILT_PRODUCTS_DIR; };
		FBDF0568490D37C7382E3A02 /* Pods-ChartDemo.release.xcconfig */ = {isa = PBXFileReference; includeInIndex = 1; lastKnownFileType = text.xcconfig; name = "Pods-ChartDemo.release.xcconfig"; path = "Pods/Target Support Files/Pods-ChartDemo/Pods-ChartDemo.release.xcconfig"; sourceTree = "<group>"; };
/* End PBXFileReference section */

/* Begin PBXFrameworksBuildPhase section */
		6FE65B8021C4CF6300B83BA5 /* Frameworks */ = {
			isa = PBXFrameworksBuildPhase;
			buildActionMask = 2147483647;
			files = (
				571772E7A55797185F2E161E /* Pods_ChartDemo.framework in Frameworks */,
			);
			runOnlyForDeploymentPostprocessing = 0;
		};
/* End PBXFrameworksBuildPhase section */

/* Begin PBXGroup section */
		6F6FAD9B21C4F2C200E82E7C /* Components */ = {
			isa = PBXGroup;
			children = (
				6F6FADBB21C4FD0000E82E7C /* FloatingPoint+Radians.swift */,
				6F6FAD9C21C4F2C200E82E7C /* BalloonMarker.swift */,
				6F6FAD9D21C4F2C200E82E7C /* IAxisAttributeValueFormatter.swift */,
				6F6FAD9E21C4F2C200E82E7C /* XYMarkerView.swift */,
				6F6FAD9F21C4F2C200E82E7C /* YHXAxisRenderer.swift */,
				6F6FADA021C4F2C200E82E7C /* CustomCircleShapeRenderer.swift */,
				6F6FADA121C4F2C200E82E7C /* YHBarChartRenderer.swift */,
				6F39ED9C21E3B0E0005C6576 /* YHLineChartRenderer.swift */,
			);
			path = Components;
			sourceTree = "<group>";
		};
		6F6FADAB21C4FAE400E82E7C /* Formatter */ = {
			isa = PBXGroup;
			children = (
				6F6FADAC21C4FAE400E82E7C /* TodayHeartRateMarkerValueFormatter.h */,
				6F6FADB121C4FAE400E82E7C /* TodayHeartRateMarkerValueFormatter.m */,
				6F6FADB321C4FAE400E82E7C /* TodayStepMarkerValueFormatter.h */,
				6F6FADAE21C4FAE400E82E7C /* TodayStepMarkerValueFormatter.m */,
				6F6FADAD21C4FAE400E82E7C /* TodayStepValueFormatter.h */,
				6F6FADB221C4FAE400E82E7C /* TodayStepValueFormatter.m */,
				6F6FADAF21C4FAE400E82E7C /* TodayRestHRValueFormatter.h */,
				6F6FADB421C4FAE400E82E7C /* TodayRestHRValueFormatter.m */,
				6F6FADB521C4FAE400E82E7C /* ShortDateValueFormatter.h */,
				6F6FADB021C4FAE400E82E7C /* ShortDateValueFormatter.m */,
			);
			path = Formatter;
			sourceTree = "<group>";
		};
		6FE65B7A21C4CF6300B83BA5 = {
			isa = PBXGroup;
			children = (
				6FE65B8521C4CF6300B83BA5 /* ChartDemo */,
				6FE65B8421C4CF6300B83BA5 /* Products */,
				99B5164F8A3DB4819B6FFD05 /* Pods */,
				C6863C7954E5CE08C4A95369 /* Frameworks */,
			);
			sourceTree = "<group>";
		};
		6FE65B8421C4CF6300B83BA5 /* Products */ = {
			isa = PBXGroup;
			children = (
				6FE65B8321C4CF6300B83BA5 /* ChartDemo.app */,
			);
			name = Products;
			sourceTree = "<group>";
		};
		6FE65B8521C4CF6300B83BA5 /* ChartDemo */ = {
			isa = PBXGroup;
			children = (
				6F6FADAB21C4FAE400E82E7C /* Formatter */,
				6F6FAD9B21C4F2C200E82E7C /* Components */,
				6FE65B8621C4CF6300B83BA5 /* AppDelegate.h */,
				6FE65B8721C4CF6300B83BA5 /* AppDelegate.m */,
				6FE65B8921C4CF6300B83BA5 /* ViewController.h */,
				6FE65B8A21C4CF6300B83BA5 /* ViewController.m */,
				77842E0021D4FC23002BB5A5 /* 24小时步数视图.png */,
				6FE65B8C21C4CF6300B83BA5 /* Main.storyboard */,
				6FE65B8F21C4CF6E00B83BA5 /* Assets.xcassets */,
				6FE65B9121C4CF6E00B83BA5 /* LaunchScreen.storyboard */,
				6FE65B9421C4CF6E00B83BA5 /* Info.plist */,
				6FE65B9521C4CF6E00B83BA5 /* main.m */,
				6F6FADAA21C4F53B00E82E7C /* ChartDemo-Bridging-Header.h */,
			);
			path = ChartDemo;
			sourceTree = "<group>";
		};
		99B5164F8A3DB4819B6FFD05 /* Pods */ = {
			isa = PBXGroup;
			children = (
				491758ECA01F4E62880E19FF /* Pods-ChartDemo.debug.xcconfig */,
				FBDF0568490D37C7382E3A02 /* Pods-ChartDemo.release.xcconfig */,
			);
			name = Pods;
			sourceTree = "<group>";
		};
		C6863C7954E5CE08C4A95369 /* Frameworks */ = {
			isa = PBXGroup;
			children = (
				E733BB9629AF3A1C34530524 /* Pods_ChartDemo.framework */,
			);
			name = Frameworks;
			sourceTree = "<group>";
		};
/* End PBXGroup section */

/* Begin PBXNativeTarget section */
		6FE65B8221C4CF6300B83BA5 /* ChartDemo */ = {
			isa = PBXNativeTarget;
			buildConfigurationList = 6FE65B9921C4CF6E00B83BA5 /* Build configuration list for PBXNativeTarget "ChartDemo" */;
			buildPhases = (
				95DC8EA1BCCB90C9F01BFD5D /* [CP] Check Pods Manifest.lock */,
				6FE65B7F21C4CF6300B83BA5 /* Sources */,
				6FE65B8021C4CF6300B83BA5 /* Frameworks */,
				6FE65B8121C4CF6300B83BA5 /* Resources */,
				8BB61339618A0B92426DA664 /* [CP] Embed Pods Frameworks */,
			);
			buildRules = (
			);
			dependencies = (
			);
			name = ChartDemo;
			productName = ChartDemo;
			productReference = 6FE65B8321C4CF6300B83BA5 /* ChartDemo.app */;
			productType = "com.apple.product-type.application";
		};
/* End PBXNativeTarget section */

/* Begin PBXProject section */
		6FE65B7B21C4CF6300B83BA5 /* Project object */ = {
			isa = PBXProject;
			attributes = {
				LastUpgradeCheck = 1010;
				ORGANIZATIONNAME = young;
				TargetAttributes = {
					6FE65B8221C4CF6300B83BA5 = {
						CreatedOnToolsVersion = 10.1;
					};
				};
			};
			buildConfigurationList = 6FE65B7E21C4CF6300B83BA5 /* Build configuration list for PBXProject "ChartDemo" */;
			compatibilityVersion = "Xcode 9.3";
			developmentRegion = en;
			hasScannedForEncodings = 0;
			knownRegions = (
				en,
				Base,
			);
			mainGroup = 6FE65B7A21C4CF6300B83BA5;
			productRefGroup = 6FE65B8421C4CF6300B83BA5 /* Products */;
			projectDirPath = "";
			projectRoot = "";
			targets = (
				6FE65B8221C4CF6300B83BA5 /* ChartDemo */,
			);
		};
/* End PBXProject section */

/* Begin PBXResourcesBuildPhase section */
		6FE65B8121C4CF6300B83BA5 /* Resources */ = {
			isa = PBXResourcesBuildPhase;
			buildActionMask = 2147483647;
			files = (
				6FE65B9321C4CF6E00B83BA5 /* LaunchScreen.storyboard in Resources */,
				6FE65B9021C4CF6E00B83BA5 /* Assets.xcassets in Resources */,
				6FE65B8E21C4CF6300B83BA5 /* Main.storyboard in Resources */,
				77842E0121D4FC23002BB5A5 /* 24小时步数视图.png in Resources */,
			);
			runOnlyForDeploymentPostprocessing = 0;
		};
/* End PBXResourcesBuildPhase section */

/* Begin PBXShellScriptBuildPhase section */
		8BB61339618A0B92426DA664 /* [CP] Embed Pods Frameworks */ = {
			isa = PBXShellScriptBuildPhase;
			buildActionMask = 2147483647;
			files = (
			);
			inputPaths = (
				"${SRCROOT}/Pods/Target Support Files/Pods-ChartDemo/Pods-ChartDemo-frameworks.sh",
				"${BUILT_PRODUCTS_DIR}/Charts/Charts.framework",
			);
			name = "[CP] Embed Pods Frameworks";
			outputPaths = (
				"${TARGET_BUILD_DIR}/${FRAMEWORKS_FOLDER_PATH}/Charts.framework",
			);
			runOnlyForDeploymentPostprocessing = 0;
			shellPath = /bin/sh;
			shellScript = "\"${SRCROOT}/Pods/Target Support Files/Pods-ChartDemo/Pods-ChartDemo-frameworks.sh\"\n";
			showEnvVarsInLog = 0;
		};
		95DC8EA1BCCB90C9F01BFD5D /* [CP] Check Pods Manifest.lock */ = {
			isa = PBXShellScriptBuildPhase;
			buildActionMask = 2147483647;
			files = (
			);
			inputPaths = (
				"${PODS_PODFILE_DIR_PATH}/Podfile.lock",
				"${PODS_ROOT}/Manifest.lock",
			);
			name = "[CP] Check Pods Manifest.lock";
			outputPaths = (
				"$(DERIVED_FILE_DIR)/Pods-ChartDemo-checkManifestLockResult.txt",
			);
			runOnlyForDeploymentPostprocessing = 0;
			shellPath = /bin/sh;
			shellScript = "diff \"${PODS_PODFILE_DIR_PATH}/Podfile.lock\" \"${PODS_ROOT}/Manifest.lock\" > /dev/null\nif [ $? != 0 ] ; then\n    # print error to STDERR\n    echo \"error: The sandbox is not in sync with the Podfile.lock. Run 'pod install' or update your CocoaPods installation.\" >&2\n    exit 1\nfi\n# This output is used by Xcode 'outputs' to avoid re-running this script phase.\necho \"SUCCESS\" > \"${SCRIPT_OUTPUT_FILE_0}\"\n";
			showEnvVarsInLog = 0;
		};
/* End PBXShellScriptBuildPhase section */

/* Begin PBXSourcesBuildPhase section */
		6FE65B7F21C4CF6300B83BA5 /* Sources */ = {
			isa = PBXSourcesBuildPhase;
			buildActionMask = 2147483647;
			files = (
				6F6FADA721C4F2C200E82E7C /* YHBarChartRenderer.swift in Sources */,
				6F6FADA621C4F2C200E82E7C /* CustomCircleShapeRenderer.swift in Sources */,
				6F6FADA421C4F2C200E82E7C /* XYMarkerView.swift in Sources */,
				6F6FADBA21C4FAE400E82E7C /* TodayRestHRValueFormatter.m in Sources */,
				6F6FADA221C4F2C200E82E7C /* BalloonMarker.swift in Sources */,
				6FE65B8B21C4CF6300B83BA5 /* ViewController.m in Sources */,
				6F39ED9D21E3B0E0005C6576 /* YHLineChartRenderer.swift in Sources */,
				6F6FADB621C4FAE400E82E7C /* TodayStepMarkerValueFormatter.m in Sources */,
				6F6FADB721C4FAE400E82E7C /* ShortDateValueFormatter.m in Sources */,
				6F6FADA521C4F2C200E82E7C /* YHXAxisRenderer.swift in Sources */,
				6F6FADB821C4FAE400E82E7C /* TodayHeartRateMarkerValueFormatter.m in Sources */,
				6FE65B9621C4CF6E00B83BA5 /* main.m in Sources */,
				6F6FADBC21C4FD0100E82E7C /* FloatingPoint+Radians.swift in Sources */,
				6F6FADA321C4F2C200E82E7C /* IAxisAttributeValueFormatter.swift in Sources */,
				6F6FADB921C4FAE400E82E7C /* TodayStepValueFormatter.m in Sources */,
				6FE65B8821C4CF6300B83BA5 /* AppDelegate.m in Sources */,
			);
			runOnlyForDeploymentPostprocessing = 0;
		};
/* End PBXSourcesBuildPhase section */

/* Begin PBXVariantGroup section */
		6FE65B8C21C4CF6300B83BA5 /* Main.storyboard */ = {
			isa = PBXVariantGroup;
			children = (
				6FE65B8D21C4CF6300B83BA5 /* Base */,
			);
			name = Main.storyboard;
			sourceTree = "<group>";
		};
		6FE65B9121C4CF6E00B83BA5 /* LaunchScreen.storyboard */ = {
			isa = PBXVariantGroup;
			children = (
				6FE65B9221C4CF6E00B83BA5 /* Base */,
			);
			name = LaunchScreen.storyboard;
			sourceTree = "<group>";
		};
/* End PBXVariantGroup section */

/* Begin XCBuildConfiguration section */
		6FE65B9721C4CF6E00B83BA5 /* Debug */ = {
			isa = XCBuildConfiguration;
			buildSettings = {
				ALWAYS_SEARCH_USER_PATHS = NO;
				CLANG_ANALYZER_NONNULL = YES;
				CLANG_ANALYZER_NUMBER_OBJECT_CONVERSION = YES_AGGRESSIVE;
				CLANG_CXX_LANGUAGE_STANDARD = "gnu++14";
				CLANG_CXX_LIBRARY = "libc++";
				CLANG_ENABLE_MODULES = YES;
				CLANG_ENABLE_OBJC_ARC = YES;
				CLANG_ENABLE_OBJC_WEAK = YES;
				CLANG_WARN_BLOCK_CAPTURE_AUTORELEASING = YES;
				CLANG_WARN_BOOL_CONVERSION = YES;
				CLANG_WARN_COMMA = YES;
				CLANG_WARN_CONSTANT_CONVERSION = YES;
				CLANG_WARN_DEPRECATED_OBJC_IMPLEMENTATIONS = YES;
				CLANG_WARN_DIRECT_OBJC_ISA_USAGE = YES_ERROR;
				CLANG_WARN_DOCUMENTATION_COMMENTS = YES;
				CLANG_WARN_EMPTY_BODY = YES;
				CLANG_WARN_ENUM_CONVERSION = YES;
				CLANG_WARN_INFINITE_RECURSION = YES;
				CLANG_WARN_INT_CONVERSION = YES;
				CLANG_WARN_NON_LITERAL_NULL_CONVERSION = YES;
				CLANG_WARN_OBJC_IMPLICIT_RETAIN_SELF = YES;
				CLANG_WARN_OBJC_LITERAL_CONVERSION = YES;
				CLANG_WARN_OBJC_ROOT_CLASS = YES_ERROR;
				CLANG_WARN_RANGE_LOOP_ANALYSIS = YES;
				CLANG_WARN_STRICT_PROTOTYPES = YES;
				CLANG_WARN_SUSPICIOUS_MOVE = YES;
				CLANG_WARN_UNGUARDED_AVAILABILITY = YES_AGGRESSIVE;
				CLANG_WARN_UNREACHABLE_CODE = YES;
				CLANG_WARN__DUPLICATE_METHOD_MATCH = YES;
				CODE_SIGN_IDENTITY = "iPhone Developer";
				COPY_PHASE_STRIP = NO;
				DEBUG_INFORMATION_FORMAT = dwarf;
				ENABLE_STRICT_OBJC_MSGSEND = YES;
				ENABLE_TESTABILITY = YES;
				GCC_C_LANGUAGE_STANDARD = gnu11;
				GCC_DYNAMIC_NO_PIC = NO;
				GCC_NO_COMMON_BLOCKS = YES;
				GCC_OPTIMIZATION_LEVEL = 0;
				GCC_PREPROCESSOR_DEFINITIONS = (
					"DEBUG=1",
					"$(inherited)",
				);
				GCC_WARN_64_TO_32_BIT_CONVERSION = YES;
				GCC_WARN_ABOUT_RETURN_TYPE = YES_ERROR;
				GCC_WARN_UNDECLARED_SELECTOR = YES;
				GCC_WARN_UNINITIALIZED_AUTOS = YES_AGGRESSIVE;
				GCC_WARN_UNUSED_FUNCTION = YES;
				GCC_WARN_UNUSED_VARIABLE = YES;
				IPHONEOS_DEPLOYMENT_TARGET = 12.1;
				MTL_ENABLE_DEBUG_INFO = INCLUDE_SOURCE;
				MTL_FAST_MATH = YES;
				ONLY_ACTIVE_ARCH = YES;
				SDKROOT = iphoneos;
			};
			name = Debug;
		};
		6FE65B9821C4CF6E00B83BA5 /* Release */ = {
			isa = XCBuildConfiguration;
			buildSettings = {
				ALWAYS_SEARCH_USER_PATHS = NO;
				CLANG_ANALYZER_NONNULL = YES;
				CLANG_ANALYZER_NUMBER_OBJECT_CONVERSION = YES_AGGRESSIVE;
				CLANG_CXX_LANGUAGE_STANDARD = "gnu++14";
				CLANG_CXX_LIBRARY = "libc++";
				CLANG_ENABLE_MODULES = YES;
				CLANG_ENABLE_OBJC_ARC = YES;
				CLANG_ENABLE_OBJC_WEAK = YES;
				CLANG_WARN_BLOCK_CAPTURE_AUTORELEASING = YES;
				CLANG_WARN_BOOL_CONVERSION = YES;
				CLANG_WARN_COMMA = YES;
				CLANG_WARN_CONSTANT_CONVERSION = YES;
				CLANG_WARN_DEPRECATED_OBJC_IMPLEMENTATIONS = YES;
				CLANG_WARN_DIRECT_OBJC_ISA_USAGE = YES_ERROR;
				CLANG_WARN_DOCUMENTATION_COMMENTS = YES;
				CLANG_WARN_EMPTY_BODY = YES;
				CLANG_WARN_ENUM_CONVERSION = YES;
				CLANG_WARN_INFINITE_RECURSION = YES;
				CLANG_WARN_INT_CONVERSION = YES;
				CLANG_WARN_NON_LITERAL_NULL_CONVERSION = YES;
				CLANG_WARN_OBJC_IMPLICIT_RETAIN_SELF = YES;
				CLANG_WARN_OBJC_LITERAL_CONVERSION = YES;
				CLANG_WARN_OBJC_ROOT_CLASS = YES_ERROR;
				CLANG_WARN_RANGE_LOOP_ANALYSIS = YES;
				CLANG_WARN_STRICT_PROTOTYPES = YES;
				CLANG_WARN_SUSPICIOUS_MOVE = YES;
				CLANG_WARN_UNGUARDED_AVAILABILITY = YES_AGGRESSIVE;
				CLANG_WARN_UNREACHABLE_CODE = YES;
				CLANG_WARN__DUPLICATE_METHOD_MATCH = YES;
				CODE_SIGN_IDENTITY = "iPhone Developer";
				COPY_PHASE_STRIP = NO;
				DEBUG_INFORMATION_FORMAT = "dwarf-with-dsym";
				ENABLE_NS_ASSERTIONS = NO;
				ENABLE_STRICT_OBJC_MSGSEND = YES;
				GCC_C_LANGUAGE_STANDARD = gnu11;
				GCC_NO_COMMON_BLOCKS = YES;
				GCC_WARN_64_TO_32_BIT_CONVERSION = YES;
				GCC_WARN_ABOUT_RETURN_TYPE = YES_ERROR;
				GCC_WARN_UNDECLARED_SELECTOR = YES;
				GCC_WARN_UNINITIALIZED_AUTOS = YES_AGGRESSIVE;
				GCC_WARN_UNUSED_FUNCTION = YES;
				GCC_WARN_UNUSED_VARIABLE = YES;
				IPHONEOS_DEPLOYMENT_TARGET = 12.1;
				MTL_ENABLE_DEBUG_INFO = NO;
				MTL_FAST_MATH = YES;
				SDKROOT = iphoneos;
				VALIDATE_PRODUCT = YES;
			};
			name = Release;
		};
		6FE65B9A21C4CF6E00B83BA5 /* Debug */ = {
			isa = XCBuildConfiguration;
			baseConfigurationReference = 491758ECA01F4E62880E19FF /* Pods-ChartDemo.debug.xcconfig */;
			buildSettings = {
				ALWAYS_EMBED_SWIFT_STANDARD_LIBRARIES = YES;
				ASSETCATALOG_COMPILER_APPICON_NAME = AppIcon;
				CODE_SIGN_STYLE = Automatic;
				DEFINES_MODULE = YES;
				DEVELOPMENT_TEAM = 7EZ23W2MEV;
				ENABLE_BITCODE = NO;
				GCC_OPTIMIZATION_LEVEL = 0;
				INFOPLIST_FILE = ChartDemo/Info.plist;
				IPHONEOS_DEPLOYMENT_TARGET = 9.0;
				LD_RUNPATH_SEARCH_PATHS = (
					"$(inherited)",
					"@executable_path/Frameworks",
				);
				OTHER_LDFLAGS = (
					"$(inherited)",
					"-ObjC",
				);
				PRODUCT_BUNDLE_IDENTIFIER = young.ChartDemo;
				PRODUCT_NAME = "$(TARGET_NAME)";
				SWIFT_OBJC_BRIDGING_HEADER = "$(SRCROOT)/ChartDemo/ChartDemo-Bridging-Header.h";
				SWIFT_OPTIMIZATION_LEVEL = "-Onone";
				SWIFT_VERSION = 4.0;
				TARGETED_DEVICE_FAMILY = "1,2";
			};
			name = Debug;
		};
		6FE65B9B21C4CF6E00B83BA5 /* Release */ = {
			isa = XCBuildConfiguration;
			baseConfigurationReference = FBDF0568490D37C7382E3A02 /* Pods-ChartDemo.release.xcconfig */;
			buildSettings = {
				ALWAYS_EMBED_SWIFT_STANDARD_LIBRARIES = YES;
				ASSETCATALOG_COMPILER_APPICON_NAME = AppIcon;
				CODE_SIGN_STYLE = Automatic;
				DEFINES_MODULE = YES;
				DEVELOPMENT_TEAM = 7EZ23W2MEV;
				ENABLE_BITCODE = NO;
				GCC_OPTIMIZATION_LEVEL = 0;
				INFOPLIST_FILE = ChartDemo/Info.plist;
				IPHONEOS_DEPLOYMENT_TARGET = 9.0;
				LD_RUNPATH_SEARCH_PATHS = (
					"$(inherited)",
					"@executable_path/Frameworks",
				);
				OTHER_LDFLAGS = (
					"$(inherited)",
					"-ObjC",
				);
				PRODUCT_BUNDLE_IDENTIFIER = young.ChartDemo;
				PRODUCT_NAME = "$(TARGET_NAME)";
				SWIFT_OBJC_BRIDGING_HEADER = "$(SRCROOT)/ChartDemo/ChartDemo-Bridging-Header.h";
				SWIFT_OPTIMIZATION_LEVEL = "-Onone";
				SWIFT_VERSION = 4.0;
				TARGETED_DEVICE_FAMILY = "1,2";
			};
			name = Release;
		};
/* End XCBuildConfiguration section */

/* Begin XCConfigurationList section */
		6FE65B7E21C4CF6300B83BA5 /* Build configuration list for PBXProject "ChartDemo" */ = {
			isa = XCConfigurationList;
			buildConfigurations = (
				6FE65B9721C4CF6E00B83BA5 /* Debug */,
				6FE65B9821C4CF6E00B83BA5 /* Release */,
			);
			defaultConfigurationIsVisible = 0;
			defaultConfigurationName = Release;
		};
		6FE65B9921C4CF6E00B83BA5 /* Build configuration list for PBXNativeTarget "ChartDemo" */ = {
			isa = XCConfigurationList;
			buildConfigurations = (
				6FE65B9A21C4CF6E00B83BA5 /* Debug */,
				6FE65B9B21C4CF6E00B83BA5 /* Release */,
			);
			defaultConfigurationIsVisible = 0;
			defaultConfigurationName = Release;
		};
/* End XCConfigurationList section */
	};
	rootObject = 6FE65B7B21C4CF6300B83BA5 /* Project object */;
}
